// !$*UTF8*$!
{
	archiveVersion = 1;
	classes = {
	};
	objectVersion = 46;
	objects = {

/* Begin PBXBuildFile section */
		753053E81B19CAF500B28354 /* Constants.swift in Sources */ = {isa = PBXBuildFile; fileRef = 753053E71B19CAF500B28354 /* Constants.swift */; };
		753053E91B19CAF500B28354 /* Constants.swift in Sources */ = {isa = PBXBuildFile; fileRef = 753053E71B19CAF500B28354 /* Constants.swift */; };
		753053ED1B19CE1100B28354 /* news_4770416.json in Resources */ = {isa = PBXBuildFile; fileRef = 753053EA1B19CCEC00B28354 /* news_4770416.json */; };
		753053EE1B19CE1200B28354 /* news_4770416.json in Resources */ = {isa = PBXBuildFile; fileRef = 753053EA1B19CCEC00B28354 /* news_4770416.json */; };
		753053F01B1B18CD00B28354 /* NSURL+Decodable.swift in Sources */ = {isa = PBXBuildFile; fileRef = 753053EF1B1B18CD00B28354 /* NSURL+Decodable.swift */; };
		753053F11B1B18CD00B28354 /* NSURL+Decodable.swift in Sources */ = {isa = PBXBuildFile; fileRef = 753053EF1B1B18CD00B28354 /* NSURL+Decodable.swift */; };
		75319DB01B16A52E002C7AFF /* Alamofire.framework in Frameworks */ = {isa = PBXBuildFile; fileRef = 75E238141B14260400F6DE3E /* Alamofire.framework */; };
		75319DB11B16A53B002C7AFF /* Alamofire.framework in Frameworks */ = {isa = PBXBuildFile; fileRef = 75E238161B14260F00F6DE3E /* Alamofire.framework */; };
		75319DCA1B198525002C7AFF /* News.swift in Sources */ = {isa = PBXBuildFile; fileRef = 75319DC91B198525002C7AFF /* News.swift */; };
		75319DCB1B198525002C7AFF /* News.swift in Sources */ = {isa = PBXBuildFile; fileRef = 75319DC91B198525002C7AFF /* News.swift */; };
		753B430E1B198BAA00EC8FEA /* TestDataModelDecodingSpecs.swift in Sources */ = {isa = PBXBuildFile; fileRef = 7598B0161B1322C700E55D79 /* TestDataModelDecodingSpecs.swift */; };
		7547BAAC1B1FC7FA00F4B7A5 /* ReadmeCodeSpecs.swift in Sources */ = {isa = PBXBuildFile; fileRef = 7547BAAB1B1FC7FA00F4B7A5 /* ReadmeCodeSpecs.swift */; };
		7547BAAD1B1FC7FA00F4B7A5 /* ReadmeCodeSpecs.swift in Sources */ = {isa = PBXBuildFile; fileRef = 7547BAAB1B1FC7FA00F4B7A5 /* ReadmeCodeSpecs.swift */; };
		75507B171B168946006F41F9 /* daily_news_20150525.json in Resources */ = {isa = PBXBuildFile; fileRef = 75507B161B168946006F41F9 /* daily_news_20150525.json */; };
		75507B181B168946006F41F9 /* daily_news_20150525.json in Resources */ = {isa = PBXBuildFile; fileRef = 75507B161B168946006F41F9 /* daily_news_20150525.json */; };
		75522B881B1B1CBD003DA78E /* toDecodedTypes.swift in Sources */ = {isa = PBXBuildFile; fileRef = 75522B871B1B1CBD003DA78E /* toDecodedTypes.swift */; };
		75522B891B1B1CC4003DA78E /* toDecodedTypes.swift in Sources */ = {isa = PBXBuildFile; fileRef = 75522B871B1B1CBD003DA78E /* toDecodedTypes.swift */; };
		75522B8B1B1B1F9A003DA78E /* news_extra.json in Resources */ = {isa = PBXBuildFile; fileRef = 75522B8A1B1B1F9A003DA78E /* news_extra.json */; };
		75522B8C1B1B1F9A003DA78E /* news_extra.json in Resources */ = {isa = PBXBuildFile; fileRef = 75522B8A1B1B1F9A003DA78E /* news_extra.json */; };
		75522B8E1B1B1FE8003DA78E /* news_extra_4770416.json in Resources */ = {isa = PBXBuildFile; fileRef = 75522B8D1B1B1FE8003DA78E /* news_extra_4770416.json */; };
		75522B8F1B1B1FE8003DA78E /* news_extra_4770416.json in Resources */ = {isa = PBXBuildFile; fileRef = 75522B8D1B1B1FE8003DA78E /* news_extra_4770416.json */; };
		75522B911B1B2104003DA78E /* NewsExtra.swift in Sources */ = {isa = PBXBuildFile; fileRef = 75522B901B1B2104003DA78E /* NewsExtra.swift */; };
		75522B921B1B2104003DA78E /* NewsExtra.swift in Sources */ = {isa = PBXBuildFile; fileRef = 75522B901B1B2104003DA78E /* NewsExtra.swift */; };
		75522B951B1C188F003DA78E /* comment_with_reply_to.json in Resources */ = {isa = PBXBuildFile; fileRef = 75522B941B1C188F003DA78E /* comment_with_reply_to.json */; };
		75522B961B1C188F003DA78E /* comment_with_reply_to.json in Resources */ = {isa = PBXBuildFile; fileRef = 75522B941B1C188F003DA78E /* comment_with_reply_to.json */; };
		75522B971B1C1896003DA78E /* short_comments_4772308.json in Resources */ = {isa = PBXBuildFile; fileRef = 75522B931B1C1726003DA78E /* short_comments_4772308.json */; };
		75522B981B1C1896003DA78E /* short_comments_4772308.json in Resources */ = {isa = PBXBuildFile; fileRef = 75522B931B1C1726003DA78E /* short_comments_4772308.json */; };
		75522B9A1B1C1D7B003DA78E /* comment.json in Resources */ = {isa = PBXBuildFile; fileRef = 75522B991B1C1D7B003DA78E /* comment.json */; };
		75522B9B1B1C1D7B003DA78E /* comment.json in Resources */ = {isa = PBXBuildFile; fileRef = 75522B991B1C1D7B003DA78E /* comment.json */; };
		75522B9D1B1C1DDF003DA78E /* long_comments_4772308.json in Resources */ = {isa = PBXBuildFile; fileRef = 75522B9C1B1C1DDF003DA78E /* long_comments_4772308.json */; };
		75522B9E1B1C1DDF003DA78E /* long_comments_4772308.json in Resources */ = {isa = PBXBuildFile; fileRef = 75522B9C1B1C1DDF003DA78E /* long_comments_4772308.json */; };
		75522BA01B1C1E3C003DA78E /* Comment.swift in Sources */ = {isa = PBXBuildFile; fileRef = 75522B9F1B1C1E3C003DA78E /* Comment.swift */; };
		75522BA11B1C1E3C003DA78E /* Comment.swift in Sources */ = {isa = PBXBuildFile; fileRef = 75522B9F1B1C1E3C003DA78E /* Comment.swift */; };
		75522BA41B1C7EA4003DA78E /* RealDataModelDecodingSpecs.swift in Sources */ = {isa = PBXBuildFile; fileRef = 75522BA21B1C7E9E003DA78E /* RealDataModelDecodingSpecs.swift */; };
		75522BA51B1C7EA6003DA78E /* RealDataModelDecodingSpecs.swift in Sources */ = {isa = PBXBuildFile; fileRef = 75522BA21B1C7E9E003DA78E /* RealDataModelDecodingSpecs.swift */; };
		75522BA71B1C85D1003DA78E /* DecodingPerformanceTests.swift in Sources */ = {isa = PBXBuildFile; fileRef = 75522BA61B1C85D1003DA78E /* DecodingPerformanceTests.swift */; };
		75522BA81B1C85D1003DA78E /* DecodingPerformanceTests.swift in Sources */ = {isa = PBXBuildFile; fileRef = 75522BA61B1C85D1003DA78E /* DecodingPerformanceTests.swift */; };
		755F204C1B26C682001AB066 /* DailyInMemoryStore.swift in Sources */ = {isa = PBXBuildFile; fileRef = 755F204B1B26C681001AB066 /* DailyInMemoryStore.swift */; };
		755F204D1B26C682001AB066 /* DailyInMemoryStore.swift in Sources */ = {isa = PBXBuildFile; fileRef = 755F204B1B26C681001AB066 /* DailyInMemoryStore.swift */; };
		755F204F1B26C772001AB066 /* Types.swift in Sources */ = {isa = PBXBuildFile; fileRef = 755F204E1B26C772001AB066 /* Types.swift */; };
		755F20501B26C772001AB066 /* Types.swift in Sources */ = {isa = PBXBuildFile; fileRef = 755F204E1B26C772001AB066 /* Types.swift */; };
		755F20521B26CF72001AB066 /* DailyInMemoryStoreSpecs.swift in Sources */ = {isa = PBXBuildFile; fileRef = 755F20511B26CF72001AB066 /* DailyInMemoryStoreSpecs.swift */; };
		755F20531B26CF72001AB066 /* DailyInMemoryStoreSpecs.swift in Sources */ = {isa = PBXBuildFile; fileRef = 755F20511B26CF72001AB066 /* DailyInMemoryStoreSpecs.swift */; };
		756AAE6A1B12A3A40077DFFF /* SwiftDailyAPI.h in Headers */ = {isa = PBXBuildFile; fileRef = 756AAE691B12A3A40077DFFF /* SwiftDailyAPI.h */; settings = {ATTRIBUTES = (Public, ); }; };
		756AAE701B12A3A40077DFFF /* SwiftDailyAPI.framework in Frameworks */ = {isa = PBXBuildFile; fileRef = 756AAE641B12A3A40077DFFF /* SwiftDailyAPI.framework */; };
		756AAE811B12A3C60077DFFF /* JSONFileReader.swift in Sources */ = {isa = PBXBuildFile; fileRef = 756AAE801B12A3C60077DFFF /* JSONFileReader.swift */; };
		756AAEA11B12A6700077DFFF /* SwiftDailyAPI.framework in Frameworks */ = {isa = PBXBuildFile; fileRef = 756AAE961B12A6700077DFFF /* SwiftDailyAPI.framework */; };
		756F6F201B28523D006D4E10 /* ProofOfConceptSpecs.swift in Sources */ = {isa = PBXBuildFile; fileRef = 756F6F1F1B28523D006D4E10 /* ProofOfConceptSpecs.swift */; };
		756F6F211B28523D006D4E10 /* ProofOfConceptSpecs.swift in Sources */ = {isa = PBXBuildFile; fileRef = 756F6F1F1B28523D006D4E10 /* ProofOfConceptSpecs.swift */; };
		7598B01D1B1328C800E55D79 /* SwiftDailyAPI.h in Headers */ = {isa = PBXBuildFile; fileRef = 756AAE691B12A3A40077DFFF /* SwiftDailyAPI.h */; settings = {ATTRIBUTES = (Public, ); }; };
		7598B01F1B1329F000E55D79 /* TestDataModelDecodingSpecs.swift in Sources */ = {isa = PBXBuildFile; fileRef = 7598B0161B1322C700E55D79 /* TestDataModelDecodingSpecs.swift */; };
		7598B02E1B132D6A00E55D79 /* NewsMeta.swift in Sources */ = {isa = PBXBuildFile; fileRef = 7598B02D1B132D6A00E55D79 /* NewsMeta.swift */; };
		7598B02F1B132D6A00E55D79 /* NewsMeta.swift in Sources */ = {isa = PBXBuildFile; fileRef = 7598B02D1B132D6A00E55D79 /* NewsMeta.swift */; };
		7598B0331B13399600E55D79 /* news_meta.json in Resources */ = {isa = PBXBuildFile; fileRef = 75D2724C1B1315D5006991D8 /* news_meta.json */; };
		7598B0341B13399600E55D79 /* top_news_meta.json in Resources */ = {isa = PBXBuildFile; fileRef = 75D272521B131DF0006991D8 /* top_news_meta.json */; };
		7598B0351B13399600E55D79 /* multipic_news_meta.json in Resources */ = {isa = PBXBuildFile; fileRef = 75D2724E1B131BC6006991D8 /* multipic_news_meta.json */; };
		7598B0361B13399600E55D79 /* news.json in Resources */ = {isa = PBXBuildFile; fileRef = 75D272501B131CC8006991D8 /* news.json */; };
		7598B0371B13399E00E55D79 /* news_meta.json in Resources */ = {isa = PBXBuildFile; fileRef = 75D2724C1B1315D5006991D8 /* news_meta.json */; };
		7598B0381B13399E00E55D79 /* top_news_meta.json in Resources */ = {isa = PBXBuildFile; fileRef = 75D272521B131DF0006991D8 /* top_news_meta.json */; };
		7598B0391B13399E00E55D79 /* multipic_news_meta.json in Resources */ = {isa = PBXBuildFile; fileRef = 75D2724E1B131BC6006991D8 /* multipic_news_meta.json */; };
		7598B03A1B13399E00E55D79 /* news.json in Resources */ = {isa = PBXBuildFile; fileRef = 75D272501B131CC8006991D8 /* news.json */; };
		7598B03C1B1340F000E55D79 /* TopNewsMeta.swift in Sources */ = {isa = PBXBuildFile; fileRef = 7598B03B1B1340F000E55D79 /* TopNewsMeta.swift */; };
		7598B03D1B1340F000E55D79 /* TopNewsMeta.swift in Sources */ = {isa = PBXBuildFile; fileRef = 7598B03B1B1340F000E55D79 /* TopNewsMeta.swift */; };
		75CE7AE31B271DB30001F534 /* Xcode7PlusSwift2.swift in Sources */ = {isa = PBXBuildFile; fileRef = 75CE7AE21B271DB30001F534 /* Xcode7PlusSwift2.swift */; };
		75D2569A1B12AF87005F6645 /* Argo.framework in Frameworks */ = {isa = PBXBuildFile; fileRef = 75D256991B12AF87005F6645 /* Argo.framework */; };
		75D2569C1B12AF90005F6645 /* Runes.framework in Frameworks */ = {isa = PBXBuildFile; fileRef = 75D2569B1B12AF90005F6645 /* Runes.framework */; };
		75E237EF1B13451900F6DE3E /* JSONFileReader.swift in Sources */ = {isa = PBXBuildFile; fileRef = 756AAE801B12A3C60077DFFF /* JSONFileReader.swift */; };
		75E237F31B1346A100F6DE3E /* latest_daily_news.json in Resources */ = {isa = PBXBuildFile; fileRef = 75E237F01B13468500F6DE3E /* latest_daily_news.json */; };
		75E237F41B1346A200F6DE3E /* latest_daily_news.json in Resources */ = {isa = PBXBuildFile; fileRef = 75E237F01B13468500F6DE3E /* latest_daily_news.json */; };
		75E237F61B134D1A00F6DE3E /* Daily.swift in Sources */ = {isa = PBXBuildFile; fileRef = 75E237F51B134D1A00F6DE3E /* Daily.swift */; };
		75E237F71B134D1A00F6DE3E /* Daily.swift in Sources */ = {isa = PBXBuildFile; fileRef = 75E237F51B134D1A00F6DE3E /* Daily.swift */; };
		75E237FD1B1351C100F6DE3E /* daily_news.json in Resources */ = {isa = PBXBuildFile; fileRef = 75E237F81B134FA700F6DE3E /* daily_news.json */; };
		75E237FE1B1351CB00F6DE3E /* daily_news.json in Resources */ = {isa = PBXBuildFile; fileRef = 75E237F81B134FA700F6DE3E /* daily_news.json */; };
		75E238001B13520D00F6DE3E /* LatestDaily.swift in Sources */ = {isa = PBXBuildFile; fileRef = 75E237FF1B13520D00F6DE3E /* LatestDaily.swift */; };
		75E238011B13520D00F6DE3E /* LatestDaily.swift in Sources */ = {isa = PBXBuildFile; fileRef = 75E237FF1B13520D00F6DE3E /* LatestDaily.swift */; };
		75E238031B13569D00F6DE3E /* news_meta_with_a_theme.json in Resources */ = {isa = PBXBuildFile; fileRef = 75E238021B13569D00F6DE3E /* news_meta_with_a_theme.json */; };
		75E238041B13569D00F6DE3E /* news_meta_with_a_theme.json in Resources */ = {isa = PBXBuildFile; fileRef = 75E238021B13569D00F6DE3E /* news_meta_with_a_theme.json */; };
		75E2382E1B143D6300F6DE3E /* Nimble.framework in Frameworks */ = {isa = PBXBuildFile; fileRef = 75E2382C1B143D6300F6DE3E /* Nimble.framework */; };
		75E2382F1B143D6300F6DE3E /* Quick.framework in Frameworks */ = {isa = PBXBuildFile; fileRef = 75E2382D1B143D6300F6DE3E /* Quick.framework */; };
		75E238321B143D7600F6DE3E /* Nimble.framework in Frameworks */ = {isa = PBXBuildFile; fileRef = 75E238301B143D7600F6DE3E /* Nimble.framework */; };
		75E238331B143D7600F6DE3E /* Quick.framework in Frameworks */ = {isa = PBXBuildFile; fileRef = 75E238311B143D7600F6DE3E /* Quick.framework */; };
		75F919561B15DD8B0053FF42 /* NSDate+String.swift in Sources */ = {isa = PBXBuildFile; fileRef = 75F919551B15DD8B0053FF42 /* NSDate+String.swift */; };
		75F919571B15DD8B0053FF42 /* NSDate+String.swift in Sources */ = {isa = PBXBuildFile; fileRef = 75F919551B15DD8B0053FF42 /* NSDate+String.swift */; };
		75F9195C1B15F1EB0053FF42 /* DailyAPI.swift in Sources */ = {isa = PBXBuildFile; fileRef = 75F9195B1B15F1EB0053FF42 /* DailyAPI.swift */; };
		75F9195D1B15F1EB0053FF42 /* DailyAPI.swift in Sources */ = {isa = PBXBuildFile; fileRef = 75F9195B1B15F1EB0053FF42 /* DailyAPI.swift */; };
		75F919601B15F3DA0053FF42 /* DailyAPISpecs.swift in Sources */ = {isa = PBXBuildFile; fileRef = 75F919581B15F1310053FF42 /* DailyAPISpecs.swift */; };
		75F919611B15F3DB0053FF42 /* DailyAPISpecs.swift in Sources */ = {isa = PBXBuildFile; fileRef = 75F919581B15F1310053FF42 /* DailyAPISpecs.swift */; };
		75F919621B15F7280053FF42 /* Argo.framework in Frameworks */ = {isa = PBXBuildFile; fileRef = 756AAE8B1B12A5530077DFFF /* Argo.framework */; };
		75F919631B15F7280053FF42 /* Runes.framework in Frameworks */ = {isa = PBXBuildFile; fileRef = 756AAE8D1B12A5740077DFFF /* Runes.framework */; };
		75F919651B1685150053FF42 /* latest_daily_news_20150527.json in Resources */ = {isa = PBXBuildFile; fileRef = 75F919641B1685150053FF42 /* latest_daily_news_20150527.json */; };
		75F919661B1685150053FF42 /* latest_daily_news_20150527.json in Resources */ = {isa = PBXBuildFile; fileRef = 75F919641B1685150053FF42 /* latest_daily_news_20150527.json */; };
/* End PBXBuildFile section */

/* Begin PBXContainerItemProxy section */
		756AAE711B12A3A40077DFFF /* PBXContainerItemProxy */ = {
			isa = PBXContainerItemProxy;
			containerPortal = 756AAE5B1B12A3A40077DFFF /* Project object */;
			proxyType = 1;
			remoteGlobalIDString = 756AAE631B12A3A40077DFFF;
			remoteInfo = SwiftDailyAPI;
		};
		756AAEA21B12A6700077DFFF /* PBXContainerItemProxy */ = {
			isa = PBXContainerItemProxy;
			containerPortal = 756AAE5B1B12A3A40077DFFF /* Project object */;
			proxyType = 1;
			remoteGlobalIDString = 756AAE951B12A6700077DFFF;
			remoteInfo = "SwiftDailyAPI-Mac";
		};
/* End PBXContainerItemProxy section */

/* Begin PBXCopyFilesBuildPhase section */
		7598B0221B132AEB00E55D79 /* CopyFiles */ = {
			isa = PBXCopyFilesBuildPhase;
			buildActionMask = 2147483647;
			dstPath = "";
			dstSubfolderSpec = 10;
			files = (
			);
			runOnlyForDeploymentPostprocessing = 0;
		};
		7598B0251B132B6400E55D79 /* CopyFiles */ = {
			isa = PBXCopyFilesBuildPhase;
			buildActionMask = 2147483647;
			dstPath = "";
			dstSubfolderSpec = 10;
			files = (
			);
			runOnlyForDeploymentPostprocessing = 0;
		};
/* End PBXCopyFilesBuildPhase section */

/* Begin PBXFileReference section */
		753053E31B19C27200B28354 /* Box.framework */ = {isa = PBXFileReference; lastKnownFileType = wrapper.framework; name = Box.framework; path = Carthage/Build/iOS/Box.framework; sourceTree = "<group>"; };
		753053E51B19C27F00B28354 /* Box.framework */ = {isa = PBXFileReference; lastKnownFileType = wrapper.framework; name = Box.framework; path = Carthage/Build/Mac/Box.framework; sourceTree = "<group>"; };
		753053E71B19CAF500B28354 /* Constants.swift */ = {isa = PBXFileReference; fileEncoding = 4; lastKnownFileType = sourcecode.swift; path = Constants.swift; sourceTree = "<group>"; };
		753053EA1B19CCEC00B28354 /* news_4770416.json */ = {isa = PBXFileReference; fileEncoding = 4; lastKnownFileType = text.json; path = news_4770416.json; sourceTree = "<group>"; };
		753053EF1B1B18CD00B28354 /* NSURL+Decodable.swift */ = {isa = PBXFileReference; fileEncoding = 4; lastKnownFileType = sourcecode.swift; path = "NSURL+Decodable.swift"; sourceTree = "<group>"; };
		75319DC91B198525002C7AFF /* News.swift */ = {isa = PBXFileReference; fileEncoding = 4; lastKnownFileType = sourcecode.swift; path = News.swift; sourceTree = "<group>"; };
		7547BAAB1B1FC7FA00F4B7A5 /* ReadmeCodeSpecs.swift */ = {isa = PBXFileReference; fileEncoding = 4; lastKnownFileType = sourcecode.swift; path = ReadmeCodeSpecs.swift; sourceTree = "<group>"; };
		75507B161B168946006F41F9 /* daily_news_20150525.json */ = {isa = PBXFileReference; fileEncoding = 4; lastKnownFileType = text.json; path = daily_news_20150525.json; sourceTree = "<group>"; };
		75522B871B1B1CBD003DA78E /* toDecodedTypes.swift */ = {isa = PBXFileReference; fileEncoding = 4; lastKnownFileType = sourcecode.swift; path = toDecodedTypes.swift; sourceTree = "<group>"; };
		75522B8A1B1B1F9A003DA78E /* news_extra.json */ = {isa = PBXFileReference; fileEncoding = 4; lastKnownFileType = text.json; path = news_extra.json; sourceTree = "<group>"; };
		75522B8D1B1B1FE8003DA78E /* news_extra_4770416.json */ = {isa = PBXFileReference; fileEncoding = 4; lastKnownFileType = text.json; path = news_extra_4770416.json; sourceTree = "<group>"; };
		75522B901B1B2104003DA78E /* NewsExtra.swift */ = {isa = PBXFileReference; fileEncoding = 4; lastKnownFileType = sourcecode.swift; path = NewsExtra.swift; sourceTree = "<group>"; };
		75522B931B1C1726003DA78E /* short_comments_4772308.json */ = {isa = PBXFileReference; lastKnownFileType = text.json; path = short_comments_4772308.json; sourceTree = "<group>"; };
		75522B941B1C188F003DA78E /* comment_with_reply_to.json */ = {isa = PBXFileReference; fileEncoding = 4; lastKnownFileType = text.json; path = comment_with_reply_to.json; sourceTree = "<group>"; };
		75522B991B1C1D7B003DA78E /* comment.json */ = {isa = PBXFileReference; fileEncoding = 4; lastKnownFileType = text.json; path = comment.json; sourceTree = "<group>"; };
		75522B9C1B1C1DDF003DA78E /* long_comments_4772308.json */ = {isa = PBXFileReference; fileEncoding = 4; lastKnownFileType = text.json; path = long_comments_4772308.json; sourceTree = "<group>"; };
		75522B9F1B1C1E3C003DA78E /* Comment.swift */ = {isa = PBXFileReference; fileEncoding = 4; lastKnownFileType = sourcecode.swift; path = Comment.swift; sourceTree = "<group>"; };
		75522BA21B1C7E9E003DA78E /* RealDataModelDecodingSpecs.swift */ = {isa = PBXFileReference; fileEncoding = 4; lastKnownFileType = sourcecode.swift; path = RealDataModelDecodingSpecs.swift; sourceTree = "<group>"; };
		75522BA61B1C85D1003DA78E /* DecodingPerformanceTests.swift */ = {isa = PBXFileReference; fileEncoding = 4; lastKnownFileType = sourcecode.swift; path = DecodingPerformanceTests.swift; sourceTree = "<group>"; };
		755F204B1B26C681001AB066 /* DailyInMemoryStore.swift */ = {isa = PBXFileReference; fileEncoding = 4; lastKnownFileType = sourcecode.swift; path = DailyInMemoryStore.swift; sourceTree = "<group>"; };
		755F204E1B26C772001AB066 /* Types.swift */ = {isa = PBXFileReference; fileEncoding = 4; lastKnownFileType = sourcecode.swift; path = Types.swift; sourceTree = "<group>"; };
		755F20511B26CF72001AB066 /* DailyInMemoryStoreSpecs.swift */ = {isa = PBXFileReference; fileEncoding = 4; lastKnownFileType = sourcecode.swift; path = DailyInMemoryStoreSpecs.swift; sourceTree = "<group>"; };
		756AAE641B12A3A40077DFFF /* SwiftDailyAPI.framework */ = {isa = PBXFileReference; explicitFileType = wrapper.framework; includeInIndex = 0; path = SwiftDailyAPI.framework; sourceTree = BUILT_PRODUCTS_DIR; };
		756AAE681B12A3A40077DFFF /* Info.plist */ = {isa = PBXFileReference; lastKnownFileType = text.plist.xml; path = Info.plist; sourceTree = "<group>"; };
		756AAE691B12A3A40077DFFF /* SwiftDailyAPI.h */ = {isa = PBXFileReference; lastKnownFileType = sourcecode.c.h; path = SwiftDailyAPI.h; sourceTree = "<group>"; };
		756AAE6F1B12A3A40077DFFF /* SwiftDailyAPI-iOSTests.xctest */ = {isa = PBXFileReference; explicitFileType = wrapper.cfbundle; includeInIndex = 0; path = "SwiftDailyAPI-iOSTests.xctest"; sourceTree = BUILT_PRODUCTS_DIR; };
		756AAE751B12A3A40077DFFF /* Info.plist */ = {isa = PBXFileReference; lastKnownFileType = text.plist.xml; path = Info.plist; sourceTree = "<group>"; };
		756AAE801B12A3C60077DFFF /* JSONFileReader.swift */ = {isa = PBXFileReference; fileEncoding = 4; lastKnownFileType = sourcecode.swift; path = JSONFileReader.swift; sourceTree = "<group>"; };
		756AAE8B1B12A5530077DFFF /* Argo.framework */ = {isa = PBXFileReference; lastKnownFileType = wrapper.framework; name = Argo.framework; path = Carthage/Build/iOS/Argo.framework; sourceTree = "<group>"; };
		756AAE8D1B12A5740077DFFF /* Runes.framework */ = {isa = PBXFileReference; lastKnownFileType = wrapper.framework; name = Runes.framework; path = Carthage/Build/iOS/Runes.framework; sourceTree = "<group>"; };
		756AAE961B12A6700077DFFF /* SwiftDailyAPI.framework */ = {isa = PBXFileReference; explicitFileType = wrapper.framework; includeInIndex = 0; path = SwiftDailyAPI.framework; sourceTree = BUILT_PRODUCTS_DIR; };
		756AAEA01B12A6700077DFFF /* SwiftDailyAPI-MacTests.xctest */ = {isa = PBXFileReference; explicitFileType = wrapper.cfbundle; includeInIndex = 0; path = "SwiftDailyAPI-MacTests.xctest"; sourceTree = BUILT_PRODUCTS_DIR; };
		756F6F1F1B28523D006D4E10 /* ProofOfConceptSpecs.swift */ = {isa = PBXFileReference; fileEncoding = 4; lastKnownFileType = sourcecode.swift; path = ProofOfConceptSpecs.swift; sourceTree = "<group>"; };
		7598B0161B1322C700E55D79 /* TestDataModelDecodingSpecs.swift */ = {isa = PBXFileReference; fileEncoding = 4; lastKnownFileType = sourcecode.swift; path = TestDataModelDecodingSpecs.swift; sourceTree = "<group>"; };
		7598B02D1B132D6A00E55D79 /* NewsMeta.swift */ = {isa = PBXFileReference; fileEncoding = 4; lastKnownFileType = sourcecode.swift; path = NewsMeta.swift; sourceTree = "<group>"; };
		7598B03B1B1340F000E55D79 /* TopNewsMeta.swift */ = {isa = PBXFileReference; fileEncoding = 4; lastKnownFileType = sourcecode.swift; path = TopNewsMeta.swift; sourceTree = "<group>"; };
		7598D26B1B169F280096217F /* README.md */ = {isa = PBXFileReference; lastKnownFileType = net.daringfireball.markdown; path = README.md; sourceTree = "<group>"; };
		75CE7AE21B271DB30001F534 /* Xcode7PlusSwift2.swift */ = {isa = PBXFileReference; fileEncoding = 4; lastKnownFileType = sourcecode.swift; path = Xcode7PlusSwift2.swift; sourceTree = "<group>"; };
		75D256991B12AF87005F6645 /* Argo.framework */ = {isa = PBXFileReference; lastKnownFileType = wrapper.framework; name = Argo.framework; path = Carthage/Build/Mac/Argo.framework; sourceTree = "<group>"; };
		75D2569B1B12AF90005F6645 /* Runes.framework */ = {isa = PBXFileReference; lastKnownFileType = wrapper.framework; name = Runes.framework; path = Carthage/Build/Mac/Runes.framework; sourceTree = "<group>"; };
		75D2724C1B1315D5006991D8 /* news_meta.json */ = {isa = PBXFileReference; fileEncoding = 4; lastKnownFileType = text.json; path = news_meta.json; sourceTree = "<group>"; };
		75D2724E1B131BC6006991D8 /* multipic_news_meta.json */ = {isa = PBXFileReference; fileEncoding = 4; lastKnownFileType = text.json; path = multipic_news_meta.json; sourceTree = "<group>"; };
		75D272501B131CC8006991D8 /* news.json */ = {isa = PBXFileReference; fileEncoding = 4; lastKnownFileType = text.json; path = news.json; sourceTree = "<group>"; };
		75D272521B131DF0006991D8 /* top_news_meta.json */ = {isa = PBXFileReference; fileEncoding = 4; lastKnownFileType = text.json; path = top_news_meta.json; sourceTree = "<group>"; };
		75E237F01B13468500F6DE3E /* latest_daily_news.json */ = {isa = PBXFileReference; fileEncoding = 4; lastKnownFileType = text.json; path = latest_daily_news.json; sourceTree = "<group>"; };
		75E237F51B134D1A00F6DE3E /* Daily.swift */ = {isa = PBXFileReference; fileEncoding = 4; lastKnownFileType = sourcecode.swift; path = Daily.swift; sourceTree = "<group>"; };
		75E237F81B134FA700F6DE3E /* daily_news.json */ = {isa = PBXFileReference; fileEncoding = 4; lastKnownFileType = text.json; path = daily_news.json; sourceTree = "<group>"; };
		75E237FF1B13520D00F6DE3E /* LatestDaily.swift */ = {isa = PBXFileReference; fileEncoding = 4; lastKnownFileType = sourcecode.swift; path = LatestDaily.swift; sourceTree = "<group>"; };
		75E238021B13569D00F6DE3E /* news_meta_with_a_theme.json */ = {isa = PBXFileReference; fileEncoding = 4; lastKnownFileType = text.json; path = news_meta_with_a_theme.json; sourceTree = "<group>"; };
		75E238141B14260400F6DE3E /* Alamofire.framework */ = {isa = PBXFileReference; lastKnownFileType = wrapper.framework; name = Alamofire.framework; path = Carthage/Build/iOS/Alamofire.framework; sourceTree = "<group>"; };
		75E238161B14260F00F6DE3E /* Alamofire.framework */ = {isa = PBXFileReference; lastKnownFileType = wrapper.framework; name = Alamofire.framework; path = Carthage/Build/Mac/Alamofire.framework; sourceTree = "<group>"; };
		75E238241B143D1400F6DE3E /* Quick.framework */ = {isa = PBXFileReference; lastKnownFileType = wrapper.framework; name = Quick.framework; path = "Carthage/Checkouts/Quick/build/Debug-iphoneos/Quick.framework"; sourceTree = "<group>"; };
		75E238261B143D1A00F6DE3E /* Nimble.framework */ = {isa = PBXFileReference; lastKnownFileType = wrapper.framework; name = Nimble.framework; path = "Carthage/Checkouts/Nimble/build/Debug-iphoneos/Nimble.framework"; sourceTree = "<group>"; };
		75E238281B143D2200F6DE3E /* Nimble.framework */ = {isa = PBXFileReference; lastKnownFileType = wrapper.framework; name = Nimble.framework; path = Carthage/Checkouts/Nimble/build/Debug/Nimble.framework; sourceTree = "<group>"; };
		75E2382A1B143D2C00F6DE3E /* Quick.framework */ = {isa = PBXFileReference; lastKnownFileType = wrapper.framework; name = Quick.framework; path = "Carthage/Checkouts/Quick/build/Debug-iphoneos/Quick.framework"; sourceTree = "<group>"; };
		75E2382C1B143D6300F6DE3E /* Nimble.framework */ = {isa = PBXFileReference; lastKnownFileType = wrapper.framework; name = Nimble.framework; path = Carthage/Build/Mac/Nimble.framework; sourceTree = "<group>"; };
		75E2382D1B143D6300F6DE3E /* Quick.framework */ = {isa = PBXFileReference; lastKnownFileType = wrapper.framework; name = Quick.framework; path = Carthage/Build/Mac/Quick.framework; sourceTree = "<group>"; };
		75E238301B143D7600F6DE3E /* Nimble.framework */ = {isa = PBXFileReference; lastKnownFileType = wrapper.framework; name = Nimble.framework; path = Carthage/Build/iOS/Nimble.framework; sourceTree = "<group>"; };
		75E238311B143D7600F6DE3E /* Quick.framework */ = {isa = PBXFileReference; lastKnownFileType = wrapper.framework; name = Quick.framework; path = Carthage/Build/iOS/Quick.framework; sourceTree = "<group>"; };
		75F919551B15DD8B0053FF42 /* NSDate+String.swift */ = {isa = PBXFileReference; fileEncoding = 4; lastKnownFileType = sourcecode.swift; path = "NSDate+String.swift"; sourceTree = "<group>"; };
		75F919581B15F1310053FF42 /* DailyAPISpecs.swift */ = {isa = PBXFileReference; fileEncoding = 4; lastKnownFileType = sourcecode.swift; path = DailyAPISpecs.swift; sourceTree = "<group>"; };
		75F9195B1B15F1EB0053FF42 /* DailyAPI.swift */ = {isa = PBXFileReference; fileEncoding = 4; lastKnownFileType = sourcecode.swift; path = DailyAPI.swift; sourceTree = "<group>"; };
		75F919641B1685150053FF42 /* latest_daily_news_20150527.json */ = {isa = PBXFileReference; fileEncoding = 4; lastKnownFileType = text.json; path = latest_daily_news_20150527.json; sourceTree = "<group>"; };
/* End PBXFileReference section */

/* Begin PBXFrameworksBuildPhase section */
		756AAE601B12A3A40077DFFF /* Frameworks */ = {
			isa = PBXFrameworksBuildPhase;
			buildActionMask = 2147483647;
			files = (
				75319DB01B16A52E002C7AFF /* Alamofire.framework in Frameworks */,
				75F919621B15F7280053FF42 /* Argo.framework in Frameworks */,
				75F919631B15F7280053FF42 /* Runes.framework in Frameworks */,
			);
			runOnlyForDeploymentPostprocessing = 0;
		};
		756AAE6C1B12A3A40077DFFF /* Frameworks */ = {
			isa = PBXFrameworksBuildPhase;
			buildActionMask = 2147483647;
			files = (
				75E238321B143D7600F6DE3E /* Nimble.framework in Frameworks */,
				75E238331B143D7600F6DE3E /* Quick.framework in Frameworks */,
				756AAE701B12A3A40077DFFF /* SwiftDailyAPI.framework in Frameworks */,
			);
			runOnlyForDeploymentPostprocessing = 0;
		};
		756AAE921B12A6700077DFFF /* Frameworks */ = {
			isa = PBXFrameworksBuildPhase;
			buildActionMask = 2147483647;
			files = (
				75319DB11B16A53B002C7AFF /* Alamofire.framework in Frameworks */,
				75D2569A1B12AF87005F6645 /* Argo.framework in Frameworks */,
				75D2569C1B12AF90005F6645 /* Runes.framework in Frameworks */,
			);
			runOnlyForDeploymentPostprocessing = 0;
		};
		756AAE9D1B12A6700077DFFF /* Frameworks */ = {
			isa = PBXFrameworksBuildPhase;
			buildActionMask = 2147483647;
			files = (
				75E2382E1B143D6300F6DE3E /* Nimble.framework in Frameworks */,
				75E2382F1B143D6300F6DE3E /* Quick.framework in Frameworks */,
				756AAEA11B12A6700077DFFF /* SwiftDailyAPI.framework in Frameworks */,
			);
			runOnlyForDeploymentPostprocessing = 0;
		};
/* End PBXFrameworksBuildPhase section */

/* Begin PBXGroup section */
		754B26DA1B16878100B72C45 /* Test Data */ = {
			isa = PBXGroup;
			children = (
				75522B991B1C1D7B003DA78E /* comment.json */,
				75522B941B1C188F003DA78E /* comment_with_reply_to.json */,
				75D2724C1B1315D5006991D8 /* news_meta.json */,
				75D272521B131DF0006991D8 /* top_news_meta.json */,
				75D2724E1B131BC6006991D8 /* multipic_news_meta.json */,
				75D272501B131CC8006991D8 /* news.json */,
				75E237F01B13468500F6DE3E /* latest_daily_news.json */,
				75E237F81B134FA700F6DE3E /* daily_news.json */,
				75E238021B13569D00F6DE3E /* news_meta_with_a_theme.json */,
				75522B8A1B1B1F9A003DA78E /* news_extra.json */,
			);
			name = "Test Data";
			sourceTree = "<group>";
		};
		754B26DB1B16878D00B72C45 /* Real Data */ = {
			isa = PBXGroup;
			children = (
				75522B931B1C1726003DA78E /* short_comments_4772308.json */,
				75522B9C1B1C1DDF003DA78E /* long_comments_4772308.json */,
				75F919641B1685150053FF42 /* latest_daily_news_20150527.json */,
				75507B161B168946006F41F9 /* daily_news_20150525.json */,
				753053EA1B19CCEC00B28354 /* news_4770416.json */,
				75522B8D1B1B1FE8003DA78E /* news_extra_4770416.json */,
			);
			name = "Real Data";
			sourceTree = "<group>";
		};
		756AAE5A1B12A3A40077DFFF = {
			isa = PBXGroup;
			children = (
				75F919521B15B1000053FF42 /* Documentation */,
				756AAE661B12A3A40077DFFF /* SwiftDailyAPI */,
				756AAE731B12A3A40077DFFF /* SwiftDailyAPITests */,
				756AAE651B12A3A40077DFFF /* Products */,
				756AAE901B12A5F80077DFFF /* Frameworks */,
			);
			indentWidth = 2;
			sourceTree = "<group>";
			tabWidth = 2;
		};
		756AAE651B12A3A40077DFFF /* Products */ = {
			isa = PBXGroup;
			children = (
				756AAE641B12A3A40077DFFF /* SwiftDailyAPI.framework */,
				756AAE6F1B12A3A40077DFFF /* SwiftDailyAPI-iOSTests.xctest */,
				756AAE961B12A6700077DFFF /* SwiftDailyAPI.framework */,
				756AAEA01B12A6700077DFFF /* SwiftDailyAPI-MacTests.xctest */,
			);
			name = Products;
			sourceTree = "<group>";
		};
		756AAE661B12A3A40077DFFF /* SwiftDailyAPI */ = {
			isa = PBXGroup;
			children = (
				755F204E1B26C772001AB066 /* Types.swift */,
				75F9195B1B15F1EB0053FF42 /* DailyAPI.swift */,
				755F204B1B26C681001AB066 /* DailyInMemoryStore.swift */,
				7598B0181B13238C00E55D79 /* Models */,
				75F919541B15DD300053FF42 /* Extensions */,
				756AAE671B12A3A40077DFFF /* Supporting Files */,
			);
			path = SwiftDailyAPI;
			sourceTree = "<group>";
		};
		756AAE671B12A3A40077DFFF /* Supporting Files */ = {
			isa = PBXGroup;
			children = (
				756AAE691B12A3A40077DFFF /* SwiftDailyAPI.h */,
				756AAE681B12A3A40077DFFF /* Info.plist */,
				753053E71B19CAF500B28354 /* Constants.swift */,
			);
			name = "Supporting Files";
			sourceTree = "<group>";
		};
		756AAE731B12A3A40077DFFF /* SwiftDailyAPITests */ = {
			isa = PBXGroup;
			children = (
				75522BA61B1C85D1003DA78E /* DecodingPerformanceTests.swift */,
				756AAE871B12A4800077DFFF /* Specs */,
				756AAE821B12A3D40077DFFF /* JSON */,
				756AAE741B12A3A40077DFFF /* Supporting Files */,
			);
			path = SwiftDailyAPITests;
			sourceTree = "<group>";
		};
		756AAE741B12A3A40077DFFF /* Supporting Files */ = {
			isa = PBXGroup;
			children = (
				756AAE751B12A3A40077DFFF /* Info.plist */,
			);
			name = "Supporting Files";
			sourceTree = "<group>";
		};
		756AAE821B12A3D40077DFFF /* JSON */ = {
			isa = PBXGroup;
			children = (
				756AAE801B12A3C60077DFFF /* JSONFileReader.swift */,
				754B26DA1B16878100B72C45 /* Test Data */,
				754B26DB1B16878D00B72C45 /* Real Data */,
			);
			path = JSON;
			sourceTree = "<group>";
		};
		756AAE871B12A4800077DFFF /* Specs */ = {
			isa = PBXGroup;
			children = (
				7547BAAB1B1FC7FA00F4B7A5 /* ReadmeCodeSpecs.swift */,
				75F919581B15F1310053FF42 /* DailyAPISpecs.swift */,
				7598B0161B1322C700E55D79 /* TestDataModelDecodingSpecs.swift */,
				75522BA21B1C7E9E003DA78E /* RealDataModelDecodingSpecs.swift */,
				755F20511B26CF72001AB066 /* DailyInMemoryStoreSpecs.swift */,
				75CE7AE21B271DB30001F534 /* Xcode7PlusSwift2.swift */,
				756F6F1F1B28523D006D4E10 /* ProofOfConceptSpecs.swift */,
			);
			path = Specs;
			sourceTree = "<group>";
		};
		756AAE8F1B12A5F20077DFFF /* iOS */ = {
			isa = PBXGroup;
			children = (
				75E238141B14260400F6DE3E /* Alamofire.framework */,
				756AAE8D1B12A5740077DFFF /* Runes.framework */,
				756AAE8B1B12A5530077DFFF /* Argo.framework */,
			);
			name = iOS;
			sourceTree = "<group>";
		};
		756AAE901B12A5F80077DFFF /* Frameworks */ = {
			isa = PBXGroup;
			children = (
				753053E51B19C27F00B28354 /* Box.framework */,
				753053E31B19C27200B28354 /* Box.framework */,
				75E238301B143D7600F6DE3E /* Nimble.framework */,
				75E238311B143D7600F6DE3E /* Quick.framework */,
				75E2382C1B143D6300F6DE3E /* Nimble.framework */,
				75E2382D1B143D6300F6DE3E /* Quick.framework */,
				75E2382A1B143D2C00F6DE3E /* Quick.framework */,
				75E238281B143D2200F6DE3E /* Nimble.framework */,
				75E238261B143D1A00F6DE3E /* Nimble.framework */,
				75E238241B143D1400F6DE3E /* Quick.framework */,
				756AAE8F1B12A5F20077DFFF /* iOS */,
				75D2569D1B12AFAD005F6645 /* Mac */,
			);
			name = Frameworks;
			sourceTree = "<group>";
		};
		7598B0181B13238C00E55D79 /* Models */ = {
			isa = PBXGroup;
			children = (
				7598B02D1B132D6A00E55D79 /* NewsMeta.swift */,
				7598B03B1B1340F000E55D79 /* TopNewsMeta.swift */,
				75E237F51B134D1A00F6DE3E /* Daily.swift */,
				75E237FF1B13520D00F6DE3E /* LatestDaily.swift */,
				75319DC91B198525002C7AFF /* News.swift */,
				75522B901B1B2104003DA78E /* NewsExtra.swift */,
				75522B9F1B1C1E3C003DA78E /* Comment.swift */,
			);
			path = Models;
			sourceTree = "<group>";
		};
		75D2569D1B12AFAD005F6645 /* Mac */ = {
			isa = PBXGroup;
			children = (
				75E238161B14260F00F6DE3E /* Alamofire.framework */,
				75D2569B1B12AF90005F6645 /* Runes.framework */,
				75D256991B12AF87005F6645 /* Argo.framework */,
			);
			name = Mac;
			sourceTree = "<group>";
		};
		75F919521B15B1000053FF42 /* Documentation */ = {
			isa = PBXGroup;
			children = (
				7598D26B1B169F280096217F /* README.md */,
			);
			path = Documentation;
			sourceTree = "<group>";
		};
		75F919541B15DD300053FF42 /* Extensions */ = {
			isa = PBXGroup;
			children = (
				75F919551B15DD8B0053FF42 /* NSDate+String.swift */,
				753053EF1B1B18CD00B28354 /* NSURL+Decodable.swift */,
				75522B871B1B1CBD003DA78E /* toDecodedTypes.swift */,
			);
			path = Extensions;
			sourceTree = "<group>";
		};
/* End PBXGroup section */

/* Begin PBXHeadersBuildPhase section */
		756AAE611B12A3A40077DFFF /* Headers */ = {
			isa = PBXHeadersBuildPhase;
			buildActionMask = 2147483647;
			files = (
				756AAE6A1B12A3A40077DFFF /* SwiftDailyAPI.h in Headers */,
			);
			runOnlyForDeploymentPostprocessing = 0;
		};
		756AAE931B12A6700077DFFF /* Headers */ = {
			isa = PBXHeadersBuildPhase;
			buildActionMask = 2147483647;
			files = (
				7598B01D1B1328C800E55D79 /* SwiftDailyAPI.h in Headers */,
			);
			runOnlyForDeploymentPostprocessing = 0;
		};
/* End PBXHeadersBuildPhase section */

/* Begin PBXNativeTarget section */
		756AAE631B12A3A40077DFFF /* SwiftDailyAPI-iOS */ = {
			isa = PBXNativeTarget;
			buildConfigurationList = 756AAE7A1B12A3A40077DFFF /* Build configuration list for PBXNativeTarget "SwiftDailyAPI-iOS" */;
			buildPhases = (
				756AAE5F1B12A3A40077DFFF /* Sources */,
				756AAE601B12A3A40077DFFF /* Frameworks */,
				756AAE611B12A3A40077DFFF /* Headers */,
				756AAE621B12A3A40077DFFF /* Resources */,
				7598B0221B132AEB00E55D79 /* CopyFiles */,
			);
			buildRules = (
			);
			dependencies = (
			);
			name = "SwiftDailyAPI-iOS";
			productName = SwiftDailyAPI;
			productReference = 756AAE641B12A3A40077DFFF /* SwiftDailyAPI.framework */;
			productType = "com.apple.product-type.framework";
		};
		756AAE6E1B12A3A40077DFFF /* SwiftDailyAPI-iOSTests */ = {
			isa = PBXNativeTarget;
			buildConfigurationList = 756AAE7D1B12A3A40077DFFF /* Build configuration list for PBXNativeTarget "SwiftDailyAPI-iOSTests" */;
			buildPhases = (
				756AAE6B1B12A3A40077DFFF /* Sources */,
				756AAE6C1B12A3A40077DFFF /* Frameworks */,
				756AAE6D1B12A3A40077DFFF /* Resources */,
			);
			buildRules = (
			);
			dependencies = (
				756AAE721B12A3A40077DFFF /* PBXTargetDependency */,
			);
			name = "SwiftDailyAPI-iOSTests";
			productName = SwiftDailyAPITests;
			productReference = 756AAE6F1B12A3A40077DFFF /* SwiftDailyAPI-iOSTests.xctest */;
			productType = "com.apple.product-type.bundle.unit-test";
		};
		756AAE951B12A6700077DFFF /* SwiftDailyAPI-Mac */ = {
			isa = PBXNativeTarget;
			buildConfigurationList = 756AAEA91B12A6700077DFFF /* Build configuration list for PBXNativeTarget "SwiftDailyAPI-Mac" */;
			buildPhases = (
				756AAE911B12A6700077DFFF /* Sources */,
				756AAE921B12A6700077DFFF /* Frameworks */,
				756AAE931B12A6700077DFFF /* Headers */,
				756AAE941B12A6700077DFFF /* Resources */,
				7598B0251B132B6400E55D79 /* CopyFiles */,
			);
			buildRules = (
			);
			dependencies = (
			);
			name = "SwiftDailyAPI-Mac";
			productName = "SwiftDailyAPI-Mac";
			productReference = 756AAE961B12A6700077DFFF /* SwiftDailyAPI.framework */;
			productType = "com.apple.product-type.framework";
		};
		756AAE9F1B12A6700077DFFF /* SwiftDailyAPI-MacTests */ = {
			isa = PBXNativeTarget;
			buildConfigurationList = 756AAEAC1B12A6700077DFFF /* Build configuration list for PBXNativeTarget "SwiftDailyAPI-MacTests" */;
			buildPhases = (
				756AAE9C1B12A6700077DFFF /* Sources */,
				756AAE9D1B12A6700077DFFF /* Frameworks */,
				756AAE9E1B12A6700077DFFF /* Resources */,
			);
			buildRules = (
			);
			dependencies = (
				756AAEA31B12A6700077DFFF /* PBXTargetDependency */,
			);
			name = "SwiftDailyAPI-MacTests";
			productName = "SwiftDailyAPI-MacTests";
			productReference = 756AAEA01B12A6700077DFFF /* SwiftDailyAPI-MacTests.xctest */;
			productType = "com.apple.product-type.bundle.unit-test";
		};
/* End PBXNativeTarget section */

/* Begin PBXProject section */
		756AAE5B1B12A3A40077DFFF /* Project object */ = {
			isa = PBXProject;
			attributes = {
				LastSwiftUpdateCheck = 0700;
				LastUpgradeCheck = 0630;
				ORGANIZATIONNAME = nickTD;
				TargetAttributes = {
					756AAE631B12A3A40077DFFF = {
						CreatedOnToolsVersion = 6.3.2;
					};
					756AAE6E1B12A3A40077DFFF = {
						CreatedOnToolsVersion = 6.3.2;
					};
					756AAE951B12A6700077DFFF = {
						CreatedOnToolsVersion = 6.3.2;
					};
					756AAE9F1B12A6700077DFFF = {
						CreatedOnToolsVersion = 6.3.2;
					};
				};
			};
			buildConfigurationList = 756AAE5E1B12A3A40077DFFF /* Build configuration list for PBXProject "SwiftDailyAPI" */;
			compatibilityVersion = "Xcode 3.2";
			developmentRegion = English;
			hasScannedForEncodings = 0;
			knownRegions = (
				en,
			);
			mainGroup = 756AAE5A1B12A3A40077DFFF;
			productRefGroup = 756AAE651B12A3A40077DFFF /* Products */;
			projectDirPath = "";
			projectRoot = "";
			targets = (
				756AAE631B12A3A40077DFFF /* SwiftDailyAPI-iOS */,
				756AAE6E1B12A3A40077DFFF /* SwiftDailyAPI-iOSTests */,
				756AAE951B12A6700077DFFF /* SwiftDailyAPI-Mac */,
				756AAE9F1B12A6700077DFFF /* SwiftDailyAPI-MacTests */,
			);
		};
/* End PBXProject section */

/* Begin PBXResourcesBuildPhase section */
		756AAE621B12A3A40077DFFF /* Resources */ = {
			isa = PBXResourcesBuildPhase;
			buildActionMask = 2147483647;
			files = (
			);
			runOnlyForDeploymentPostprocessing = 0;
		};
		756AAE6D1B12A3A40077DFFF /* Resources */ = {
			isa = PBXResourcesBuildPhase;
			buildActionMask = 2147483647;
			files = (
				75E237FE1B1351CB00F6DE3E /* daily_news.json in Resources */,
				7598B0331B13399600E55D79 /* news_meta.json in Resources */,
				753053ED1B19CE1100B28354 /* news_4770416.json in Resources */,
				75E238031B13569D00F6DE3E /* news_meta_with_a_theme.json in Resources */,
				75507B171B168946006F41F9 /* daily_news_20150525.json in Resources */,
				75522B9D1B1C1DDF003DA78E /* long_comments_4772308.json in Resources */,
				7598B0341B13399600E55D79 /* top_news_meta.json in Resources */,
				75522B9A1B1C1D7B003DA78E /* comment.json in Resources */,
				7598B0351B13399600E55D79 /* multipic_news_meta.json in Resources */,
				7598B0361B13399600E55D79 /* news.json in Resources */,
				75E237F31B1346A100F6DE3E /* latest_daily_news.json in Resources */,
				75F919651B1685150053FF42 /* latest_daily_news_20150527.json in Resources */,
				75522B971B1C1896003DA78E /* short_comments_4772308.json in Resources */,
				75522B8B1B1B1F9A003DA78E /* news_extra.json in Resources */,
				75522B8E1B1B1FE8003DA78E /* news_extra_4770416.json in Resources */,
				75522B951B1C188F003DA78E /* comment_with_reply_to.json in Resources */,
			);
			runOnlyForDeploymentPostprocessing = 0;
		};
		756AAE941B12A6700077DFFF /* Resources */ = {
			isa = PBXResourcesBuildPhase;
			buildActionMask = 2147483647;
			files = (
			);
			runOnlyForDeploymentPostprocessing = 0;
		};
		756AAE9E1B12A6700077DFFF /* Resources */ = {
			isa = PBXResourcesBuildPhase;
			buildActionMask = 2147483647;
			files = (
				75E237FD1B1351C100F6DE3E /* daily_news.json in Resources */,
				7598B0371B13399E00E55D79 /* news_meta.json in Resources */,
				753053EE1B19CE1200B28354 /* news_4770416.json in Resources */,
				75E238041B13569D00F6DE3E /* news_meta_with_a_theme.json in Resources */,
				75507B181B168946006F41F9 /* daily_news_20150525.json in Resources */,
				75522B9E1B1C1DDF003DA78E /* long_comments_4772308.json in Resources */,
				7598B0381B13399E00E55D79 /* top_news_meta.json in Resources */,
				75522B9B1B1C1D7B003DA78E /* comment.json in Resources */,
				7598B0391B13399E00E55D79 /* multipic_news_meta.json in Resources */,
				7598B03A1B13399E00E55D79 /* news.json in Resources */,
				75E237F41B1346A200F6DE3E /* latest_daily_news.json in Resources */,
				75F919661B1685150053FF42 /* latest_daily_news_20150527.json in Resources */,
				75522B981B1C1896003DA78E /* short_comments_4772308.json in Resources */,
				75522B8C1B1B1F9A003DA78E /* news_extra.json in Resources */,
				75522B8F1B1B1FE8003DA78E /* news_extra_4770416.json in Resources */,
				75522B961B1C188F003DA78E /* comment_with_reply_to.json in Resources */,
			);
			runOnlyForDeploymentPostprocessing = 0;
		};
/* End PBXResourcesBuildPhase section */

/* Begin PBXSourcesBuildPhase section */
		756AAE5F1B12A3A40077DFFF /* Sources */ = {
			isa = PBXSourcesBuildPhase;
			buildActionMask = 2147483647;
			files = (
				75F9195C1B15F1EB0053FF42 /* DailyAPI.swift in Sources */,
				75F919561B15DD8B0053FF42 /* NSDate+String.swift in Sources */,
				75522B881B1B1CBD003DA78E /* toDecodedTypes.swift in Sources */,
				755F204F1B26C772001AB066 /* Types.swift in Sources */,
				755F204C1B26C682001AB066 /* DailyInMemoryStore.swift in Sources */,
				7598B02E1B132D6A00E55D79 /* NewsMeta.swift in Sources */,
				75522B911B1B2104003DA78E /* NewsExtra.swift in Sources */,
				75E238001B13520D00F6DE3E /* LatestDaily.swift in Sources */,
				75319DCA1B198525002C7AFF /* News.swift in Sources */,
				75522BA01B1C1E3C003DA78E /* Comment.swift in Sources */,
				75E237F61B134D1A00F6DE3E /* Daily.swift in Sources */,
				7598B03C1B1340F000E55D79 /* TopNewsMeta.swift in Sources */,
				753053F01B1B18CD00B28354 /* NSURL+Decodable.swift in Sources */,
				753053E81B19CAF500B28354 /* Constants.swift in Sources */,
			);
			runOnlyForDeploymentPostprocessing = 0;
		};
		756AAE6B1B12A3A40077DFFF /* Sources */ = {
			isa = PBXSourcesBuildPhase;
			buildActionMask = 2147483647;
			files = (
				756AAE811B12A3C60077DFFF /* JSONFileReader.swift in Sources */,
				753B430E1B198BAA00EC8FEA /* TestDataModelDecodingSpecs.swift in Sources */,
				755F20521B26CF72001AB066 /* DailyInMemoryStoreSpecs.swift in Sources */,
				75522BA41B1C7EA4003DA78E /* RealDataModelDecodingSpecs.swift in Sources */,
				756F6F201B28523D006D4E10 /* ProofOfConceptSpecs.swift in Sources */,
				7547BAAC1B1FC7FA00F4B7A5 /* ReadmeCodeSpecs.swift in Sources */,
				75522BA71B1C85D1003DA78E /* DecodingPerformanceTests.swift in Sources */,
				75CE7AE31B271DB30001F534 /* Xcode7PlusSwift2.swift in Sources */,
				75F919611B15F3DB0053FF42 /* DailyAPISpecs.swift in Sources */,
			);
			runOnlyForDeploymentPostprocessing = 0;
		};
		756AAE911B12A6700077DFFF /* Sources */ = {
			isa = PBXSourcesBuildPhase;
			buildActionMask = 2147483647;
			files = (
				75F9195D1B15F1EB0053FF42 /* DailyAPI.swift in Sources */,
				75F919571B15DD8B0053FF42 /* NSDate+String.swift in Sources */,
				75522B891B1B1CC4003DA78E /* toDecodedTypes.swift in Sources */,
				755F20501B26C772001AB066 /* Types.swift in Sources */,
				755F204D1B26C682001AB066 /* DailyInMemoryStore.swift in Sources */,
				7598B02F1B132D6A00E55D79 /* NewsMeta.swift in Sources */,
				75522B921B1B2104003DA78E /* NewsExtra.swift in Sources */,
				75E238011B13520D00F6DE3E /* LatestDaily.swift in Sources */,
				75319DCB1B198525002C7AFF /* News.swift in Sources */,
				75522BA11B1C1E3C003DA78E /* Comment.swift in Sources */,
				75E237F71B134D1A00F6DE3E /* Daily.swift in Sources */,
				7598B03D1B1340F000E55D79 /* TopNewsMeta.swift in Sources */,
				753053F11B1B18CD00B28354 /* NSURL+Decodable.swift in Sources */,
				753053E91B19CAF500B28354 /* Constants.swift in Sources */,
			);
			runOnlyForDeploymentPostprocessing = 0;
		};
		756AAE9C1B12A6700077DFFF /* Sources */ = {
			isa = PBXSourcesBuildPhase;
			buildActionMask = 2147483647;
			files = (
				75E237EF1B13451900F6DE3E /* JSONFileReader.swift in Sources */,
				756F6F211B28523D006D4E10 /* ProofOfConceptSpecs.swift in Sources */,
				75F919601B15F3DA0053FF42 /* DailyAPISpecs.swift in Sources */,
				755F20531B26CF72001AB066 /* DailyInMemoryStoreSpecs.swift in Sources */,
				75522BA51B1C7EA6003DA78E /* RealDataModelDecodingSpecs.swift in Sources */,
				7547BAAD1B1FC7FA00F4B7A5 /* ReadmeCodeSpecs.swift in Sources */,
				75522BA81B1C85D1003DA78E /* DecodingPerformanceTests.swift in Sources */,
				7598B01F1B1329F000E55D79 /* TestDataModelDecodingSpecs.swift in Sources */,
			);
			runOnlyForDeploymentPostprocessing = 0;
		};
/* End PBXSourcesBuildPhase section */

/* Begin PBXTargetDependency section */
		756AAE721B12A3A40077DFFF /* PBXTargetDependency */ = {
			isa = PBXTargetDependency;
			target = 756AAE631B12A3A40077DFFF /* SwiftDailyAPI-iOS */;
			targetProxy = 756AAE711B12A3A40077DFFF /* PBXContainerItemProxy */;
		};
		756AAEA31B12A6700077DFFF /* PBXTargetDependency */ = {
			isa = PBXTargetDependency;
			target = 756AAE951B12A6700077DFFF /* SwiftDailyAPI-Mac */;
			targetProxy = 756AAEA21B12A6700077DFFF /* PBXContainerItemProxy */;
		};
/* End PBXTargetDependency section */

/* Begin XCBuildConfiguration section */
		756AAE781B12A3A40077DFFF /* Debug */ = {
			isa = XCBuildConfiguration;
			buildSettings = {
				ALWAYS_SEARCH_USER_PATHS = NO;
				CLANG_CXX_LANGUAGE_STANDARD = "gnu++0x";
				CLANG_CXX_LIBRARY = "libc++";
				CLANG_ENABLE_MODULES = YES;
				CLANG_ENABLE_OBJC_ARC = YES;
				CLANG_WARN_BOOL_CONVERSION = YES;
				CLANG_WARN_CONSTANT_CONVERSION = YES;
				CLANG_WARN_DIRECT_OBJC_ISA_USAGE = YES_ERROR;
				CLANG_WARN_EMPTY_BODY = YES;
				CLANG_WARN_ENUM_CONVERSION = YES;
				CLANG_WARN_INT_CONVERSION = YES;
				CLANG_WARN_OBJC_ROOT_CLASS = YES_ERROR;
				CLANG_WARN_UNREACHABLE_CODE = YES;
				CLANG_WARN__DUPLICATE_METHOD_MATCH = YES;
				"CODE_SIGN_IDENTITY[sdk=iphoneos*]" = "iPhone Developer";
				COPY_PHASE_STRIP = NO;
				CURRENT_PROJECT_VERSION = 1;
				DEBUG_INFORMATION_FORMAT = "dwarf-with-dsym";
				ENABLE_STRICT_OBJC_MSGSEND = YES;
				GCC_C_LANGUAGE_STANDARD = gnu99;
				GCC_DYNAMIC_NO_PIC = NO;
				GCC_NO_COMMON_BLOCKS = YES;
				GCC_OPTIMIZATION_LEVEL = 0;
				GCC_PREPROCESSOR_DEFINITIONS = (
					"DEBUG=1",
					"$(inherited)",
				);
				GCC_SYMBOLS_PRIVATE_EXTERN = NO;
				GCC_WARN_64_TO_32_BIT_CONVERSION = YES;
				GCC_WARN_ABOUT_RETURN_TYPE = YES_ERROR;
				GCC_WARN_UNDECLARED_SELECTOR = YES;
				GCC_WARN_UNINITIALIZED_AUTOS = YES_AGGRESSIVE;
				GCC_WARN_UNUSED_FUNCTION = YES;
				GCC_WARN_UNUSED_VARIABLE = YES;
				IPHONEOS_DEPLOYMENT_TARGET = 8.0;
				MTL_ENABLE_DEBUG_INFO = YES;
				ONLY_ACTIVE_ARCH = YES;
				SDKROOT = iphoneos;
				SWIFT_OPTIMIZATION_LEVEL = "-Onone";
				TARGETED_DEVICE_FAMILY = "1,2";
				VERSIONING_SYSTEM = "apple-generic";
				VERSION_INFO_PREFIX = "";
			};
			name = Debug;
		};
		756AAE791B12A3A40077DFFF /* Release */ = {
			isa = XCBuildConfiguration;
			buildSettings = {
				ALWAYS_SEARCH_USER_PATHS = NO;
				CLANG_CXX_LANGUAGE_STANDARD = "gnu++0x";
				CLANG_CXX_LIBRARY = "libc++";
				CLANG_ENABLE_MODULES = YES;
				CLANG_ENABLE_OBJC_ARC = YES;
				CLANG_WARN_BOOL_CONVERSION = YES;
				CLANG_WARN_CONSTANT_CONVERSION = YES;
				CLANG_WARN_DIRECT_OBJC_ISA_USAGE = YES_ERROR;
				CLANG_WARN_EMPTY_BODY = YES;
				CLANG_WARN_ENUM_CONVERSION = YES;
				CLANG_WARN_INT_CONVERSION = YES;
				CLANG_WARN_OBJC_ROOT_CLASS = YES_ERROR;
				CLANG_WARN_UNREACHABLE_CODE = YES;
				CLANG_WARN__DUPLICATE_METHOD_MATCH = YES;
				"CODE_SIGN_IDENTITY[sdk=iphoneos*]" = "iPhone Developer";
				COPY_PHASE_STRIP = NO;
				CURRENT_PROJECT_VERSION = 1;
				DEBUG_INFORMATION_FORMAT = "dwarf-with-dsym";
				ENABLE_NS_ASSERTIONS = NO;
				ENABLE_STRICT_OBJC_MSGSEND = YES;
				GCC_C_LANGUAGE_STANDARD = gnu99;
				GCC_NO_COMMON_BLOCKS = YES;
				GCC_WARN_64_TO_32_BIT_CONVERSION = YES;
				GCC_WARN_ABOUT_RETURN_TYPE = YES_ERROR;
				GCC_WARN_UNDECLARED_SELECTOR = YES;
				GCC_WARN_UNINITIALIZED_AUTOS = YES_AGGRESSIVE;
				GCC_WARN_UNUSED_FUNCTION = YES;
				GCC_WARN_UNUSED_VARIABLE = YES;
				IPHONEOS_DEPLOYMENT_TARGET = 8.0;
				MTL_ENABLE_DEBUG_INFO = NO;
				SDKROOT = iphoneos;
				TARGETED_DEVICE_FAMILY = "1,2";
				VALIDATE_PRODUCT = YES;
				VERSIONING_SYSTEM = "apple-generic";
				VERSION_INFO_PREFIX = "";
			};
			name = Release;
		};
		756AAE7B1B12A3A40077DFFF /* Debug */ = {
			isa = XCBuildConfiguration;
			buildSettings = {
				CLANG_ENABLE_MODULES = YES;
				DEFINES_MODULE = YES;
				DYLIB_COMPATIBILITY_VERSION = 1;
				DYLIB_CURRENT_VERSION = 1;
				DYLIB_INSTALL_NAME_BASE = "@rpath";
				ENABLE_TESTABILITY = YES;
				FRAMEWORK_SEARCH_PATHS = (
					"$(inherited)",
					"$(PROJECT_DIR)/Carthage/Build/iOS",
					"$(PROJECT_DIR)/Carthage/Build/Mac",
				);
				INFOPLIST_FILE = SwiftDailyAPI/Info.plist;
				INSTALL_PATH = "$(LOCAL_LIBRARY_DIR)/Frameworks";
				IPHONEOS_DEPLOYMENT_TARGET = 8.0;
				LD_RUNPATH_SEARCH_PATHS = "$(inherited) @executable_path/Frameworks @loader_path/Frameworks";
				PRODUCT_NAME = SwiftDailyAPI;
				SKIP_INSTALL = YES;
				SWIFT_OPTIMIZATION_LEVEL = "-Onone";
			};
			name = Debug;
		};
		756AAE7C1B12A3A40077DFFF /* Release */ = {
			isa = XCBuildConfiguration;
			buildSettings = {
				CLANG_ENABLE_MODULES = YES;
				DEFINES_MODULE = YES;
				DYLIB_COMPATIBILITY_VERSION = 1;
				DYLIB_CURRENT_VERSION = 1;
				DYLIB_INSTALL_NAME_BASE = "@rpath";
				ENABLE_TESTABILITY = YES;
				FRAMEWORK_SEARCH_PATHS = (
					"$(inherited)",
					"$(PROJECT_DIR)/Carthage/Build/iOS",
					"$(PROJECT_DIR)/Carthage/Build/Mac",
				);
				INFOPLIST_FILE = SwiftDailyAPI/Info.plist;
				INSTALL_PATH = "$(LOCAL_LIBRARY_DIR)/Frameworks";
				IPHONEOS_DEPLOYMENT_TARGET = 8.0;
				LD_RUNPATH_SEARCH_PATHS = "$(inherited) @executable_path/Frameworks @loader_path/Frameworks";
				PRODUCT_NAME = SwiftDailyAPI;
				SKIP_INSTALL = YES;
			};
			name = Release;
		};
		756AAE7E1B12A3A40077DFFF /* Debug */ = {
			isa = XCBuildConfiguration;
			buildSettings = {
				FRAMEWORK_SEARCH_PATHS = (
					"$(SDKROOT)/Developer/Library/Frameworks",
					"$(inherited)",
					"$(PROJECT_DIR)/Carthage/Build/iOS",
				);
				GCC_PREPROCESSOR_DEFINITIONS = (
					"DEBUG=1",
					"$(inherited)",
				);
				INFOPLIST_FILE = SwiftDailyAPITests/Info.plist;
				LD_RUNPATH_SEARCH_PATHS = "$(inherited) @executable_path/Frameworks @loader_path/Frameworks";
				PRODUCT_NAME = "SwiftDailyAPI-iOSTests";
			};
			name = Debug;
		};
		756AAE7F1B12A3A40077DFFF /* Release */ = {
			isa = XCBuildConfiguration;
			buildSettings = {
				FRAMEWORK_SEARCH_PATHS = (
					"$(SDKROOT)/Developer/Library/Frameworks",
					"$(inherited)",
					"$(PROJECT_DIR)/Carthage/Build/iOS",
				);
				INFOPLIST_FILE = SwiftDailyAPITests/Info.plist;
				LD_RUNPATH_SEARCH_PATHS = "$(inherited) @executable_path/Frameworks @loader_path/Frameworks";
				PRODUCT_NAME = "SwiftDailyAPI-iOSTests";
			};
			name = Release;
		};
		756AAEAA1B12A6700077DFFF /* Debug */ = {
			isa = XCBuildConfiguration;
			buildSettings = {
				CLANG_ENABLE_MODULES = YES;
				COMBINE_HIDPI_IMAGES = YES;
				DEBUG_INFORMATION_FORMAT = dwarf;
				DEFINES_MODULE = YES;
				DYLIB_COMPATIBILITY_VERSION = 1;
				DYLIB_CURRENT_VERSION = 1;
				DYLIB_INSTALL_NAME_BASE = "@rpath";
				ENABLE_TESTABILITY = YES;
				FRAMEWORK_SEARCH_PATHS = (
					"$(inherited)",
					"$(PROJECT_DIR)/Carthage/Build/Mac",
				);
				FRAMEWORK_VERSION = A;
				GCC_PREPROCESSOR_DEFINITIONS = (
					"DEBUG=1",
					"$(inherited)",
				);
				INFOPLIST_FILE = "$(SRCROOT)/SwiftDailyAPI/Info.plist";
				INSTALL_PATH = "$(LOCAL_LIBRARY_DIR)/Frameworks";
				LD_RUNPATH_SEARCH_PATHS = "$(inherited) @executable_path/../Frameworks @loader_path/Frameworks";
				MACOSX_DEPLOYMENT_TARGET = 10.10;
				PRODUCT_NAME = SwiftDailyAPI;
				SDKROOT = macosx;
				SKIP_INSTALL = YES;
				SWIFT_OPTIMIZATION_LEVEL = "-Onone";
			};
			name = Debug;
		};
		756AAEAB1B12A6700077DFFF /* Release */ = {
			isa = XCBuildConfiguration;
			buildSettings = {
				CLANG_ENABLE_MODULES = YES;
				COMBINE_HIDPI_IMAGES = YES;
				DEFINES_MODULE = YES;
				DYLIB_COMPATIBILITY_VERSION = 1;
				DYLIB_CURRENT_VERSION = 1;
				DYLIB_INSTALL_NAME_BASE = "@rpath";
				ENABLE_TESTABILITY = YES;
				FRAMEWORK_SEARCH_PATHS = (
					"$(inherited)",
					"$(PROJECT_DIR)/Carthage/Build/Mac",
				);
				FRAMEWORK_VERSION = A;
				INFOPLIST_FILE = "$(SRCROOT)/SwiftDailyAPI/Info.plist";
				INSTALL_PATH = "$(LOCAL_LIBRARY_DIR)/Frameworks";
				LD_RUNPATH_SEARCH_PATHS = "$(inherited) @executable_path/../Frameworks @loader_path/Frameworks";
				MACOSX_DEPLOYMENT_TARGET = 10.10;
				PRODUCT_NAME = SwiftDailyAPI;
				SDKROOT = macosx;
				SKIP_INSTALL = YES;
			};
			name = Release;
		};
		756AAEAD1B12A6700077DFFF /* Debug */ = {
			isa = XCBuildConfiguration;
			buildSettings = {
				COMBINE_HIDPI_IMAGES = YES;
				DEBUG_INFORMATION_FORMAT = dwarf;
				FRAMEWORK_SEARCH_PATHS = (
					"$(DEVELOPER_FRAMEWORKS_DIR)",
					"$(inherited)",
					"$(PROJECT_DIR)/Carthage/Build/Mac",
				);
				GCC_PREPROCESSOR_DEFINITIONS = (
					"DEBUG=1",
					"$(inherited)",
				);
				INFOPLIST_FILE = SwiftDailyAPITests/Info.plist;
				LD_RUNPATH_SEARCH_PATHS = "$(inherited) @executable_path/../Frameworks @loader_path/../Frameworks";
				MACOSX_DEPLOYMENT_TARGET = 10.10;
				PRODUCT_NAME = "$(TARGET_NAME)";
				SDKROOT = macosx;
			};
			name = Debug;
		};
		756AAEAE1B12A6700077DFFF /* Release */ = {
			isa = XCBuildConfiguration;
			buildSettings = {
				COMBINE_HIDPI_IMAGES = YES;
				FRAMEWORK_SEARCH_PATHS = (
					"$(DEVELOPER_FRAMEWORKS_DIR)",
					"$(inherited)",
					"$(PROJECT_DIR)/Carthage/Build/Mac",
				);
				INFOPLIST_FILE = SwiftDailyAPITests/Info.plist;
				LD_RUNPATH_SEARCH_PATHS = "$(inherited) @executable_path/../Frameworks @loader_path/../Frameworks";
				MACOSX_DEPLOYMENT_TARGET = 10.10;
				PRODUCT_NAME = "$(TARGET_NAME)";
				SDKROOT = macosx;
			};
			name = Release;
		};
/* End XCBuildConfiguration section */

/* Begin XCConfigurationList section */
		756AAE5E1B12A3A40077DFFF /* Build configuration list for PBXProject "SwiftDailyAPI" */ = {
			isa = XCConfigurationList;
			buildConfigurations = (
				756AAE781B12A3A40077DFFF /* Debug */,
				756AAE791B12A3A40077DFFF /* Release */,
			);
			defaultConfigurationIsVisible = 0;
			defaultConfigurationName = Release;
		};
		756AAE7A1B12A3A40077DFFF /* Build configuration list for PBXNativeTarget "SwiftDailyAPI-iOS" */ = {
			isa = XCConfigurationList;
			buildConfigurations = (
				756AAE7B1B12A3A40077DFFF /* Debug */,
				756AAE7C1B12A3A40077DFFF /* Release */,
			);
			defaultConfigurationIsVisible = 0;
			defaultConfigurationName = Release;
		};
		756AAE7D1B12A3A40077DFFF /* Build configuration list for PBXNativeTarget "SwiftDailyAPI-iOSTests" */ = {
			isa = XCConfigurationList;
			buildConfigurations = (
				756AAE7E1B12A3A40077DFFF /* Debug */,
				756AAE7F1B12A3A40077DFFF /* Release */,
			);
			defaultConfigurationIsVisible = 0;
			defaultConfigurationName = Release;
		};
		756AAEA91B12A6700077DFFF /* Build configuration list for PBXNativeTarget "SwiftDailyAPI-Mac" */ = {
			isa = XCConfigurationList;
			buildConfigurations = (
				756AAEAA1B12A6700077DFFF /* Debug */,
				756AAEAB1B12A6700077DFFF /* Release */,
			);
			defaultConfigurationIsVisible = 0;
			defaultConfigurationName = Release;
		};
		756AAEAC1B12A6700077DFFF /* Build configuration list for PBXNativeTarget "SwiftDailyAPI-MacTests" */ = {
			isa = XCConfigurationList;
			buildConfigurations = (
				756AAEAD1B12A6700077DFFF /* Debug */,
				756AAEAE1B12A6700077DFFF /* Release */,
			);
			defaultConfigurationIsVisible = 0;
			defaultConfigurationName = Release;
		};
/* End XCConfigurationList section */
	};
	rootObject = 756AAE5B1B12A3A40077DFFF /* Project object */;
}
